Microsoft Visual Studio Solution File, Format Version 12.00
# Visual Studio Version 17
VisualStudioVersion = 17.5.2.0
MinimumVisualStudioVersion = 10.0.40219.1
Project("{FAE04EC0-301F-11D3-BF4B-00C04F79EFBC}") = "TinyMart", "TinyMart.csproj", "{9D39A26C-DED3-7E26-150F-42022EECF7AD}"
EndProject
Global
	GlobalSection(SolutionConfigurationPlatforms) = preSolution
		Debug|Any CPU = Debug|Any CPU
		Release|Any CPU = Release|Any CPU
	EndGlobalSection
	GlobalSection(ProjectConfigurationPlatforms) = postSolution
		{9D39A26C-DED3-7E26-150F-42022EECF7AD}.Debug|Any CPU.ActiveCfg = Debug|Any CPU
		{9D39A26C-DED3-7E26-150F-42022EECF7AD}.Debug|Any CPU.Build.0 = Debug|Any CPU
		{9D39A26C-DED3-7E26-150F-42022EECF7AD}.Release|Any CPU.ActiveCfg = Release|Any CPU
		{9D39A26C-DED3-7E26-150F-42022EECF7AD}.Release|Any CPU.Build.0 = Release|Any CPU
	EndGlobalSection
	GlobalSection(SolutionProperties) = preSolution
		HideSolutionNode = FALSE
	EndGlobalSection
	GlobalSection(ExtensibilityGlobals) = postSolution
		SolutionGuid = {E29BF548-8414-4059-A7AE-6600001BBD3C}
	EndGlobalSection
EndGlobal
